
Microsoft Visual Studio Solution File, Format Version 12.00
# Visual Studio 15
VisualStudioVersion = 15.0.27130.2027
MinimumVisualStudioVersion = 10.0.40219.1
Project("{FAE04EC0-301F-11D3-BF4B-00C04F79EFBC}") = "01Vehicles", "01Vehicles\01Vehicles.csproj", "{EA5BB847-658B-4C22-83BB-8BFCA4B27FB8}"
EndProject
Project("{FAE04EC0-301F-11D3-BF4B-00C04F79EFBC}") = "02VehiclesExtension", "02VehiclesExtension\02VehiclesExtension.csproj", "{CFD74FA4-775C-4D9C-82DE-2A01E663697B}"
EndProject
Global
	GlobalSection(SolutionConfigurationPlatforms) = preSolution
		Debug|Any CPU = Debug|Any CPU
		Release|Any CPU = Release|Any CPU
	EndGlobalSection
	GlobalSection(ProjectConfigurationPlatforms) = postSolution
		{EA5BB847-658B-4C22-83BB-8BFCA4B27FB8}.Debug|Any CPU.ActiveCfg = Debug|Any CPU
		{EA5BB847-658B-4C22-83BB-8BFCA4B27FB8}.Debug|Any CPU.Build.0 = Debug|Any CPU
		{EA5BB847-658B-4C22-83BB-8BFCA4B27FB8}.Release|Any CPU.ActiveCfg = Release|Any CPU
		{EA5BB847-658B-4C22-83BB-8BFCA4B27FB8}.Release|Any CPU.Build.0 = Release|Any CPU
		{CFD74FA4-775C-4D9C-82DE-2A01E663697B}.Debug|Any CPU.ActiveCfg = Debug|Any CPU
		{CFD74FA4-775C-4D9C-82DE-2A01E663697B}.Debug|Any CPU.Build.0 = Debug|Any CPU
		{CFD74FA4-775C-4D9C-82DE-2A01E663697B}.Release|Any CPU.ActiveCfg = Release|Any CPU
		{CFD74FA4-775C-4D9C-82DE-2A01E663697B}.Release|Any CPU.Build.0 = Release|Any CPU
	EndGlobalSection
	GlobalSection(SolutionProperties) = preSolution
		HideSolutionNode = FALSE
	EndGlobalSection
	GlobalSection(ExtensibilityGlobals) = postSolution
		SolutionGuid = {12BB55D4-D08D-4BBE-899B-311FA415722A}
	EndGlobalSection
EndGlobal
