
Microsoft Visual Studio Solution File, Format Version 12.00
# Visual Studio 15
VisualStudioVersion = 15.0.27130.0
MinimumVisualStudioVersion = 10.0.40219.1
Project("{9A19103F-16F7-4668-BE54-9A1E7A4F7556}") = "01. Reverse Strings", "Stacks and Queues\01. Reverse Strings.csproj", "{8F066A16-FB4F-4321-83F3-D8E8F908D7C0}"
EndProject
Project("{9A19103F-16F7-4668-BE54-9A1E7A4F7556}") = "02. Simple Calculator", "02. Simple Calculator\02. Simple Calculator.csproj", "{624F923D-F026-4B29-A3CB-47463DD5A6F1}"
EndProject
Project("{9A19103F-16F7-4668-BE54-9A1E7A4F7556}") = "03. Decimal to Binary Converter", "03. Decimal to Binary Converter\03. Decimal to Binary Converter.csproj", "{91F805D5-078A-480A-B9B5-28A0870E6E38}"
EndProject
Project("{9A19103F-16F7-4668-BE54-9A1E7A4F7556}") = "04. Matching Brackets", "04. Matching Brackets\04. Matching Brackets.csproj", "{0CFB96CE-6EA6-4786-9951-738AF5830343}"
EndProject
Project("{9A19103F-16F7-4668-BE54-9A1E7A4F7556}") = "05. Hot Potato", "05. Hot Potato\05. Hot Potato.csproj", "{1370D366-3ED4-43F0-AB28-2E0429496F2B}"
EndProject
Project("{FAE04EC0-301F-11D3-BF4B-00C04F79EFBC}") = "06. Traffic Jam", "06. Traffic Jam\06. Traffic Jam.csproj", "{DE8BA4EE-0A0F-44B6-934D-A97B4D35B636}"
EndProject
Global
	GlobalSection(SolutionConfigurationPlatforms) = preSolution
		Debug|Any CPU = Debug|Any CPU
		Release|Any CPU = Release|Any CPU
	EndGlobalSection
	GlobalSection(ProjectConfigurationPlatforms) = postSolution
		{8F066A16-FB4F-4321-83F3-D8E8F908D7C0}.Debug|Any CPU.ActiveCfg = Debug|Any CPU
		{8F066A16-FB4F-4321-83F3-D8E8F908D7C0}.Debug|Any CPU.Build.0 = Debug|Any CPU
		{8F066A16-FB4F-4321-83F3-D8E8F908D7C0}.Release|Any CPU.ActiveCfg = Release|Any CPU
		{8F066A16-FB4F-4321-83F3-D8E8F908D7C0}.Release|Any CPU.Build.0 = Release|Any CPU
		{624F923D-F026-4B29-A3CB-47463DD5A6F1}.Debug|Any CPU.ActiveCfg = Debug|Any CPU
		{624F923D-F026-4B29-A3CB-47463DD5A6F1}.Debug|Any CPU.Build.0 = Debug|Any CPU
		{624F923D-F026-4B29-A3CB-47463DD5A6F1}.Release|Any CPU.ActiveCfg = Release|Any CPU
		{624F923D-F026-4B29-A3CB-47463DD5A6F1}.Release|Any CPU.Build.0 = Release|Any CPU
		{91F805D5-078A-480A-B9B5-28A0870E6E38}.Debug|Any CPU.ActiveCfg = Debug|Any CPU
		{91F805D5-078A-480A-B9B5-28A0870E6E38}.Debug|Any CPU.Build.0 = Debug|Any CPU
		{91F805D5-078A-480A-B9B5-28A0870E6E38}.Release|Any CPU.ActiveCfg = Release|Any CPU
		{91F805D5-078A-480A-B9B5-28A0870E6E38}.Release|Any CPU.Build.0 = Release|Any CPU
		{0CFB96CE-6EA6-4786-9951-738AF5830343}.Debug|Any CPU.ActiveCfg = Debug|Any CPU
		{0CFB96CE-6EA6-4786-9951-738AF5830343}.Debug|Any CPU.Build.0 = Debug|Any CPU
		{0CFB96CE-6EA6-4786-9951-738AF5830343}.Release|Any CPU.ActiveCfg = Release|Any CPU
		{0CFB96CE-6EA6-4786-9951-738AF5830343}.Release|Any CPU.Build.0 = Release|Any CPU
		{1370D366-3ED4-43F0-AB28-2E0429496F2B}.Debug|Any CPU.ActiveCfg = Debug|Any CPU
		{1370D366-3ED4-43F0-AB28-2E0429496F2B}.Debug|Any CPU.Build.0 = Debug|Any CPU
		{1370D366-3ED4-43F0-AB28-2E0429496F2B}.Release|Any CPU.ActiveCfg = Release|Any CPU
		{1370D366-3ED4-43F0-AB28-2E0429496F2B}.Release|Any CPU.Build.0 = Release|Any CPU
		{DE8BA4EE-0A0F-44B6-934D-A97B4D35B636}.Debug|Any CPU.ActiveCfg = Debug|Any CPU
		{DE8BA4EE-0A0F-44B6-934D-A97B4D35B636}.Debug|Any CPU.Build.0 = Debug|Any CPU
		{DE8BA4EE-0A0F-44B6-934D-A97B4D35B636}.Release|Any CPU.ActiveCfg = Release|Any CPU
		{DE8BA4EE-0A0F-44B6-934D-A97B4D35B636}.Release|Any CPU.Build.0 = Release|Any CPU
	EndGlobalSection
	GlobalSection(SolutionProperties) = preSolution
		HideSolutionNode = FALSE
	EndGlobalSection
	GlobalSection(ExtensibilityGlobals) = postSolution
		SolutionGuid = {5CAA5A68-49A9-4471-82E0-628E825672AF}
	EndGlobalSection
EndGlobal
