
Microsoft Visual Studio Solution File, Format Version 12.00
# Visual Studio 15
VisualStudioVersion = 15.0.27130.2027
MinimumVisualStudioVersion = 10.0.40219.1
Project("{9A19103F-16F7-4668-BE54-9A1E7A4F7556}") = "01DefineanInterfaceIPerson", "01DefineanInterfaceIPerson\01DefineanInterfaceIPerson.csproj", "{74ED2D59-C79D-4232-A3E4-9FA19B0566EC}"
EndProject
Project("{9A19103F-16F7-4668-BE54-9A1E7A4F7556}") = "02MultipleImplementation", "02MultipleImplementation\02MultipleImplementation.csproj", "{7AC36C13-2251-4DEA-8E58-1F747E9E449A}"
EndProject
Project("{9A19103F-16F7-4668-BE54-9A1E7A4F7556}") = "03Ferrari", "03Ferrari\03Ferrari.csproj", "{786B32C4-DA5B-4C5C-A260-2E26FF78EA86}"
EndProject
Project("{9A19103F-16F7-4668-BE54-9A1E7A4F7556}") = "04Telephony", "04Telephony\04Telephony.csproj", "{3207E844-2D5F-4692-A0E0-B62FD3D9C21A}"
EndProject
Project("{9A19103F-16F7-4668-BE54-9A1E7A4F7556}") = "05BorderControl", "05BorderControl\05BorderControl.csproj", "{53D73881-17EB-4A25-B5E8-0A643555E096}"
EndProject
Project("{FAE04EC0-301F-11D3-BF4B-00C04F79EFBC}") = "06BirthdayCelebrations", "06BirthdayCelebrations\06BirthdayCelebrations.csproj", "{BF58F40E-D778-42BB-B8C6-153E400755C2}"
EndProject
Project("{FAE04EC0-301F-11D3-BF4B-00C04F79EFBC}") = "07FoodShortage", "07FoodShortage\07FoodShortage.csproj", "{CB23CDF6-2D6F-4AA1-83C8-E70A48947CA7}"
EndProject
Global
	GlobalSection(SolutionConfigurationPlatforms) = preSolution
		Debug|Any CPU = Debug|Any CPU
		Release|Any CPU = Release|Any CPU
	EndGlobalSection
	GlobalSection(ProjectConfigurationPlatforms) = postSolution
		{74ED2D59-C79D-4232-A3E4-9FA19B0566EC}.Debug|Any CPU.ActiveCfg = Debug|Any CPU
		{74ED2D59-C79D-4232-A3E4-9FA19B0566EC}.Debug|Any CPU.Build.0 = Debug|Any CPU
		{74ED2D59-C79D-4232-A3E4-9FA19B0566EC}.Release|Any CPU.ActiveCfg = Release|Any CPU
		{74ED2D59-C79D-4232-A3E4-9FA19B0566EC}.Release|Any CPU.Build.0 = Release|Any CPU
		{7AC36C13-2251-4DEA-8E58-1F747E9E449A}.Debug|Any CPU.ActiveCfg = Debug|Any CPU
		{7AC36C13-2251-4DEA-8E58-1F747E9E449A}.Debug|Any CPU.Build.0 = Debug|Any CPU
		{7AC36C13-2251-4DEA-8E58-1F747E9E449A}.Release|Any CPU.ActiveCfg = Release|Any CPU
		{7AC36C13-2251-4DEA-8E58-1F747E9E449A}.Release|Any CPU.Build.0 = Release|Any CPU
		{786B32C4-DA5B-4C5C-A260-2E26FF78EA86}.Debug|Any CPU.ActiveCfg = Debug|Any CPU
		{786B32C4-DA5B-4C5C-A260-2E26FF78EA86}.Debug|Any CPU.Build.0 = Debug|Any CPU
		{786B32C4-DA5B-4C5C-A260-2E26FF78EA86}.Release|Any CPU.ActiveCfg = Release|Any CPU
		{786B32C4-DA5B-4C5C-A260-2E26FF78EA86}.Release|Any CPU.Build.0 = Release|Any CPU
		{3207E844-2D5F-4692-A0E0-B62FD3D9C21A}.Debug|Any CPU.ActiveCfg = Debug|Any CPU
		{3207E844-2D5F-4692-A0E0-B62FD3D9C21A}.Debug|Any CPU.Build.0 = Debug|Any CPU
		{3207E844-2D5F-4692-A0E0-B62FD3D9C21A}.Release|Any CPU.ActiveCfg = Release|Any CPU
		{3207E844-2D5F-4692-A0E0-B62FD3D9C21A}.Release|Any CPU.Build.0 = Release|Any CPU
		{53D73881-17EB-4A25-B5E8-0A643555E096}.Debug|Any CPU.ActiveCfg = Debug|Any CPU
		{53D73881-17EB-4A25-B5E8-0A643555E096}.Debug|Any CPU.Build.0 = Debug|Any CPU
		{53D73881-17EB-4A25-B5E8-0A643555E096}.Release|Any CPU.ActiveCfg = Release|Any CPU
		{53D73881-17EB-4A25-B5E8-0A643555E096}.Release|Any CPU.Build.0 = Release|Any CPU
		{BF58F40E-D778-42BB-B8C6-153E400755C2}.Debug|Any CPU.ActiveCfg = Debug|Any CPU
		{BF58F40E-D778-42BB-B8C6-153E400755C2}.Debug|Any CPU.Build.0 = Debug|Any CPU
		{BF58F40E-D778-42BB-B8C6-153E400755C2}.Release|Any CPU.ActiveCfg = Release|Any CPU
		{BF58F40E-D778-42BB-B8C6-153E400755C2}.Release|Any CPU.Build.0 = Release|Any CPU
		{CB23CDF6-2D6F-4AA1-83C8-E70A48947CA7}.Debug|Any CPU.ActiveCfg = Debug|Any CPU
		{CB23CDF6-2D6F-4AA1-83C8-E70A48947CA7}.Debug|Any CPU.Build.0 = Debug|Any CPU
		{CB23CDF6-2D6F-4AA1-83C8-E70A48947CA7}.Release|Any CPU.ActiveCfg = Release|Any CPU
		{CB23CDF6-2D6F-4AA1-83C8-E70A48947CA7}.Release|Any CPU.Build.0 = Release|Any CPU
	EndGlobalSection
	GlobalSection(SolutionProperties) = preSolution
		HideSolutionNode = FALSE
	EndGlobalSection
	GlobalSection(ExtensibilityGlobals) = postSolution
		SolutionGuid = {1DB2C52E-08F5-44F2-A59E-F2F89BA3B06D}
	EndGlobalSection
EndGlobal
