
Microsoft Visual Studio Solution File, Format Version 12.00
# Visual Studio 15
VisualStudioVersion = 15.0.27130.2027
MinimumVisualStudioVersion = 10.0.40219.1
Project("{9A19103F-16F7-4668-BE54-9A1E7A4F7556}") = "P01Database", "P01Database\P01Database.csproj", "{A0B7695B-7AFA-4E8A-8EDF-CE82F1AED424}"
EndProject
Project("{9A19103F-16F7-4668-BE54-9A1E7A4F7556}") = "P02ExtendedDatabase", "P02ExtendedDatabase\P02ExtendedDatabase.csproj", "{DF53087B-C8D3-4FA7-AF55-6B9F2360FC52}"
EndProject
Project("{9A19103F-16F7-4668-BE54-9A1E7A4F7556}") = "P03Iterator", "P03Iterator\P03Iterator.csproj", "{B73F3F91-C3C5-4E7E-BBDD-DF5FECC50742}"
EndProject
Project("{9A19103F-16F7-4668-BE54-9A1E7A4F7556}") = "P04BubbleSort", "P04BubbleSort\P04BubbleSort.csproj", "{CA3CF927-B75F-498B-9B77-8DA5CF843244}"
EndProject
Project("{9A19103F-16F7-4668-BE54-9A1E7A4F7556}") = "P08CustomLinkedList", "P08CustomLinkedList\P08CustomLinkedList.csproj", "{9F936724-218E-4E29-8E66-CA9A447C99E9}"
EndProject
Project("{9A19103F-16F7-4668-BE54-9A1E7A4F7556}") = "UnitTests", "UnitTests\UnitTests.csproj", "{5B79B2B2-3582-4D48-9FD3-C5A2FF02598E}"
EndProject
Project("{FAE04EC0-301F-11D3-BF4B-00C04F79EFBC}") = "P10TirePressureMonitoringSystem", "P10TirePressureMonitoringSystem\P10TirePressureMonitoringSystem.csproj", "{490776DA-2EBB-4D69-80F8-BEC4E15BFF37}"
EndProject
Global
	GlobalSection(SolutionConfigurationPlatforms) = preSolution
		Debug|Any CPU = Debug|Any CPU
		Release|Any CPU = Release|Any CPU
	EndGlobalSection
	GlobalSection(ProjectConfigurationPlatforms) = postSolution
		{A0B7695B-7AFA-4E8A-8EDF-CE82F1AED424}.Debug|Any CPU.ActiveCfg = Debug|Any CPU
		{A0B7695B-7AFA-4E8A-8EDF-CE82F1AED424}.Debug|Any CPU.Build.0 = Debug|Any CPU
		{A0B7695B-7AFA-4E8A-8EDF-CE82F1AED424}.Release|Any CPU.ActiveCfg = Release|Any CPU
		{A0B7695B-7AFA-4E8A-8EDF-CE82F1AED424}.Release|Any CPU.Build.0 = Release|Any CPU
		{DF53087B-C8D3-4FA7-AF55-6B9F2360FC52}.Debug|Any CPU.ActiveCfg = Debug|Any CPU
		{DF53087B-C8D3-4FA7-AF55-6B9F2360FC52}.Debug|Any CPU.Build.0 = Debug|Any CPU
		{DF53087B-C8D3-4FA7-AF55-6B9F2360FC52}.Release|Any CPU.ActiveCfg = Release|Any CPU
		{DF53087B-C8D3-4FA7-AF55-6B9F2360FC52}.Release|Any CPU.Build.0 = Release|Any CPU
		{B73F3F91-C3C5-4E7E-BBDD-DF5FECC50742}.Debug|Any CPU.ActiveCfg = Debug|Any CPU
		{B73F3F91-C3C5-4E7E-BBDD-DF5FECC50742}.Debug|Any CPU.Build.0 = Debug|Any CPU
		{B73F3F91-C3C5-4E7E-BBDD-DF5FECC50742}.Release|Any CPU.ActiveCfg = Release|Any CPU
		{B73F3F91-C3C5-4E7E-BBDD-DF5FECC50742}.Release|Any CPU.Build.0 = Release|Any CPU
		{CA3CF927-B75F-498B-9B77-8DA5CF843244}.Debug|Any CPU.ActiveCfg = Debug|Any CPU
		{CA3CF927-B75F-498B-9B77-8DA5CF843244}.Debug|Any CPU.Build.0 = Debug|Any CPU
		{CA3CF927-B75F-498B-9B77-8DA5CF843244}.Release|Any CPU.ActiveCfg = Release|Any CPU
		{CA3CF927-B75F-498B-9B77-8DA5CF843244}.Release|Any CPU.Build.0 = Release|Any CPU
		{9F936724-218E-4E29-8E66-CA9A447C99E9}.Debug|Any CPU.ActiveCfg = Debug|Any CPU
		{9F936724-218E-4E29-8E66-CA9A447C99E9}.Debug|Any CPU.Build.0 = Debug|Any CPU
		{9F936724-218E-4E29-8E66-CA9A447C99E9}.Release|Any CPU.ActiveCfg = Release|Any CPU
		{9F936724-218E-4E29-8E66-CA9A447C99E9}.Release|Any CPU.Build.0 = Release|Any CPU
		{5B79B2B2-3582-4D48-9FD3-C5A2FF02598E}.Debug|Any CPU.ActiveCfg = Debug|Any CPU
		{5B79B2B2-3582-4D48-9FD3-C5A2FF02598E}.Debug|Any CPU.Build.0 = Debug|Any CPU
		{5B79B2B2-3582-4D48-9FD3-C5A2FF02598E}.Release|Any CPU.ActiveCfg = Release|Any CPU
		{5B79B2B2-3582-4D48-9FD3-C5A2FF02598E}.Release|Any CPU.Build.0 = Release|Any CPU
		{490776DA-2EBB-4D69-80F8-BEC4E15BFF37}.Debug|Any CPU.ActiveCfg = Debug|Any CPU
		{490776DA-2EBB-4D69-80F8-BEC4E15BFF37}.Debug|Any CPU.Build.0 = Debug|Any CPU
		{490776DA-2EBB-4D69-80F8-BEC4E15BFF37}.Release|Any CPU.ActiveCfg = Release|Any CPU
		{490776DA-2EBB-4D69-80F8-BEC4E15BFF37}.Release|Any CPU.Build.0 = Release|Any CPU
	EndGlobalSection
	GlobalSection(SolutionProperties) = preSolution
		HideSolutionNode = FALSE
	EndGlobalSection
	GlobalSection(ExtensibilityGlobals) = postSolution
		SolutionGuid = {6F8E17FC-B84C-4482-9250-C41EF0E24BDD}
	EndGlobalSection
EndGlobal
