
Microsoft Visual Studio Solution File, Format Version 12.00
# Visual Studio 15
VisualStudioVersion = 15.0.27130.2027
MinimumVisualStudioVersion = 10.0.40219.1
Project("{9A19103F-16F7-4668-BE54-9A1E7A4F7556}") = "01. Dangerous Floor", "01. Dangerous Floor\01. Dangerous Floor.csproj", "{253EF5D2-2217-4D0F-889B-BFE625B72A9B}"
EndProject
Project("{9A19103F-16F7-4668-BE54-9A1E7A4F7556}") = "02. Crypto Masterr", "02. Crypto Masterr\02. Crypto Masterr.csproj", "{3726B965-FA2D-46CA-BBCB-C6CFC9F3C4FB}"
EndProject
Project("{9A19103F-16F7-4668-BE54-9A1E7A4F7556}") = "03. Greedy Times", "03. Greedy Times\03. Greedy Times.csproj", "{22BF278D-E5BE-49E2-86F7-13B46474C9DD}"
EndProject
Project("{FAE04EC0-301F-11D3-BF4B-00C04F79EFBC}") = "04. Treasure Map", "04. Treasure Map\04. Treasure Map.csproj", "{C1112BA6-2DBC-473D-AEEE-7C1E09F21E1A}"
EndProject
Global
	GlobalSection(SolutionConfigurationPlatforms) = preSolution
		Debug|Any CPU = Debug|Any CPU
		Release|Any CPU = Release|Any CPU
	EndGlobalSection
	GlobalSection(ProjectConfigurationPlatforms) = postSolution
		{253EF5D2-2217-4D0F-889B-BFE625B72A9B}.Debug|Any CPU.ActiveCfg = Debug|Any CPU
		{253EF5D2-2217-4D0F-889B-BFE625B72A9B}.Debug|Any CPU.Build.0 = Debug|Any CPU
		{253EF5D2-2217-4D0F-889B-BFE625B72A9B}.Release|Any CPU.ActiveCfg = Release|Any CPU
		{253EF5D2-2217-4D0F-889B-BFE625B72A9B}.Release|Any CPU.Build.0 = Release|Any CPU
		{3726B965-FA2D-46CA-BBCB-C6CFC9F3C4FB}.Debug|Any CPU.ActiveCfg = Debug|Any CPU
		{3726B965-FA2D-46CA-BBCB-C6CFC9F3C4FB}.Debug|Any CPU.Build.0 = Debug|Any CPU
		{3726B965-FA2D-46CA-BBCB-C6CFC9F3C4FB}.Release|Any CPU.ActiveCfg = Release|Any CPU
		{3726B965-FA2D-46CA-BBCB-C6CFC9F3C4FB}.Release|Any CPU.Build.0 = Release|Any CPU
		{22BF278D-E5BE-49E2-86F7-13B46474C9DD}.Debug|Any CPU.ActiveCfg = Debug|Any CPU
		{22BF278D-E5BE-49E2-86F7-13B46474C9DD}.Debug|Any CPU.Build.0 = Debug|Any CPU
		{22BF278D-E5BE-49E2-86F7-13B46474C9DD}.Release|Any CPU.ActiveCfg = Release|Any CPU
		{22BF278D-E5BE-49E2-86F7-13B46474C9DD}.Release|Any CPU.Build.0 = Release|Any CPU
		{C1112BA6-2DBC-473D-AEEE-7C1E09F21E1A}.Debug|Any CPU.ActiveCfg = Debug|Any CPU
		{C1112BA6-2DBC-473D-AEEE-7C1E09F21E1A}.Debug|Any CPU.Build.0 = Debug|Any CPU
		{C1112BA6-2DBC-473D-AEEE-7C1E09F21E1A}.Release|Any CPU.ActiveCfg = Release|Any CPU
		{C1112BA6-2DBC-473D-AEEE-7C1E09F21E1A}.Release|Any CPU.Build.0 = Release|Any CPU
	EndGlobalSection
	GlobalSection(SolutionProperties) = preSolution
		HideSolutionNode = FALSE
	EndGlobalSection
	GlobalSection(ExtensibilityGlobals) = postSolution
		SolutionGuid = {B2054AA9-9A2C-49D1-A0E4-DBB95C1628EB}
	EndGlobalSection
EndGlobal
