
Microsoft Visual Studio Solution File, Format Version 12.00
# Visual Studio 15
VisualStudioVersion = 15.0.27130.2027
MinimumVisualStudioVersion = 10.0.40219.1
Project("{FAE04EC0-301F-11D3-BF4B-00C04F79EFBC}") = "P01Box", "P01Box\P01Box.csproj", "{3409BDDE-8A16-46B0-8439-2D357E2D66E3}"
EndProject
Project("{FAE04EC0-301F-11D3-BF4B-00C04F79EFBC}") = "P02ArrayCreator", "P02ArrayCreator\P02ArrayCreator.csproj", "{E232729E-C685-4FEE-8194-B78DC1915BD4}"
EndProject
Project("{FAE04EC0-301F-11D3-BF4B-00C04F79EFBC}") = "P03Scale", "P03Scale\P03Scale.csproj", "{BD76FE9B-2FB7-44EB-A49C-BB31504774B3}"
EndProject
Global
	GlobalSection(SolutionConfigurationPlatforms) = preSolution
		Debug|Any CPU = Debug|Any CPU
		Release|Any CPU = Release|Any CPU
	EndGlobalSection
	GlobalSection(ProjectConfigurationPlatforms) = postSolution
		{3409BDDE-8A16-46B0-8439-2D357E2D66E3}.Debug|Any CPU.ActiveCfg = Debug|Any CPU
		{3409BDDE-8A16-46B0-8439-2D357E2D66E3}.Debug|Any CPU.Build.0 = Debug|Any CPU
		{3409BDDE-8A16-46B0-8439-2D357E2D66E3}.Release|Any CPU.ActiveCfg = Release|Any CPU
		{3409BDDE-8A16-46B0-8439-2D357E2D66E3}.Release|Any CPU.Build.0 = Release|Any CPU
		{E232729E-C685-4FEE-8194-B78DC1915BD4}.Debug|Any CPU.ActiveCfg = Debug|Any CPU
		{E232729E-C685-4FEE-8194-B78DC1915BD4}.Debug|Any CPU.Build.0 = Debug|Any CPU
		{E232729E-C685-4FEE-8194-B78DC1915BD4}.Release|Any CPU.ActiveCfg = Release|Any CPU
		{E232729E-C685-4FEE-8194-B78DC1915BD4}.Release|Any CPU.Build.0 = Release|Any CPU
		{BD76FE9B-2FB7-44EB-A49C-BB31504774B3}.Debug|Any CPU.ActiveCfg = Debug|Any CPU
		{BD76FE9B-2FB7-44EB-A49C-BB31504774B3}.Debug|Any CPU.Build.0 = Debug|Any CPU
		{BD76FE9B-2FB7-44EB-A49C-BB31504774B3}.Release|Any CPU.ActiveCfg = Release|Any CPU
		{BD76FE9B-2FB7-44EB-A49C-BB31504774B3}.Release|Any CPU.Build.0 = Release|Any CPU
	EndGlobalSection
	GlobalSection(SolutionProperties) = preSolution
		HideSolutionNode = FALSE
	EndGlobalSection
	GlobalSection(ExtensibilityGlobals) = postSolution
		SolutionGuid = {1C8425CB-D997-431B-9402-1A94DD01F616}
	EndGlobalSection
EndGlobal
