
Microsoft Visual Studio Solution File, Format Version 12.00
# Visual Studio 15
VisualStudioVersion = 15.0.27130.2027
MinimumVisualStudioVersion = 10.0.40219.1
Project("{FAE04EC0-301F-11D3-BF4B-00C04F79EFBC}") = "01SingleInheritance", "01SingleInheritance\01SingleInheritance.csproj", "{EA564D00-DDCD-41E3-969C-29367FCBE8C8}"
EndProject
Project("{FAE04EC0-301F-11D3-BF4B-00C04F79EFBC}") = "02MultipleInheritance", "02MultipleInheritance\02MultipleInheritance.csproj", "{FA55C058-6859-4274-B8BC-FA53C4BF189B}"
EndProject
Project("{FAE04EC0-301F-11D3-BF4B-00C04F79EFBC}") = "03HierarchicalInheritance", "03HierarchicalInheritance\03HierarchicalInheritance.csproj", "{52FE28A9-0DCF-42AB-8421-2221FF2D785B}"
EndProject
Project("{FAE04EC0-301F-11D3-BF4B-00C04F79EFBC}") = "04RandomList", "04RandomList\04RandomList.csproj", "{6E7B4770-FF78-4A2C-A1EC-D7D5D51103F5}"
EndProject
Project("{FAE04EC0-301F-11D3-BF4B-00C04F79EFBC}") = "05StackOfStrings", "05StackOfStrings\05StackOfStrings.csproj", "{AF0E9AF8-5445-4237-B65D-707EA7A96FDB}"
EndProject
Global
	GlobalSection(SolutionConfigurationPlatforms) = preSolution
		Debug|Any CPU = Debug|Any CPU
		Release|Any CPU = Release|Any CPU
	EndGlobalSection
	GlobalSection(ProjectConfigurationPlatforms) = postSolution
		{EA564D00-DDCD-41E3-969C-29367FCBE8C8}.Debug|Any CPU.ActiveCfg = Debug|Any CPU
		{EA564D00-DDCD-41E3-969C-29367FCBE8C8}.Debug|Any CPU.Build.0 = Debug|Any CPU
		{EA564D00-DDCD-41E3-969C-29367FCBE8C8}.Release|Any CPU.ActiveCfg = Release|Any CPU
		{EA564D00-DDCD-41E3-969C-29367FCBE8C8}.Release|Any CPU.Build.0 = Release|Any CPU
		{FA55C058-6859-4274-B8BC-FA53C4BF189B}.Debug|Any CPU.ActiveCfg = Debug|Any CPU
		{FA55C058-6859-4274-B8BC-FA53C4BF189B}.Debug|Any CPU.Build.0 = Debug|Any CPU
		{FA55C058-6859-4274-B8BC-FA53C4BF189B}.Release|Any CPU.ActiveCfg = Release|Any CPU
		{FA55C058-6859-4274-B8BC-FA53C4BF189B}.Release|Any CPU.Build.0 = Release|Any CPU
		{52FE28A9-0DCF-42AB-8421-2221FF2D785B}.Debug|Any CPU.ActiveCfg = Debug|Any CPU
		{52FE28A9-0DCF-42AB-8421-2221FF2D785B}.Debug|Any CPU.Build.0 = Debug|Any CPU
		{52FE28A9-0DCF-42AB-8421-2221FF2D785B}.Release|Any CPU.ActiveCfg = Release|Any CPU
		{52FE28A9-0DCF-42AB-8421-2221FF2D785B}.Release|Any CPU.Build.0 = Release|Any CPU
		{6E7B4770-FF78-4A2C-A1EC-D7D5D51103F5}.Debug|Any CPU.ActiveCfg = Debug|Any CPU
		{6E7B4770-FF78-4A2C-A1EC-D7D5D51103F5}.Debug|Any CPU.Build.0 = Debug|Any CPU
		{6E7B4770-FF78-4A2C-A1EC-D7D5D51103F5}.Release|Any CPU.ActiveCfg = Release|Any CPU
		{6E7B4770-FF78-4A2C-A1EC-D7D5D51103F5}.Release|Any CPU.Build.0 = Release|Any CPU
		{AF0E9AF8-5445-4237-B65D-707EA7A96FDB}.Debug|Any CPU.ActiveCfg = Debug|Any CPU
		{AF0E9AF8-5445-4237-B65D-707EA7A96FDB}.Debug|Any CPU.Build.0 = Debug|Any CPU
		{AF0E9AF8-5445-4237-B65D-707EA7A96FDB}.Release|Any CPU.ActiveCfg = Release|Any CPU
		{AF0E9AF8-5445-4237-B65D-707EA7A96FDB}.Release|Any CPU.Build.0 = Release|Any CPU
	EndGlobalSection
	GlobalSection(SolutionProperties) = preSolution
		HideSolutionNode = FALSE
	EndGlobalSection
	GlobalSection(ExtensibilityGlobals) = postSolution
		SolutionGuid = {E9353EB6-6EF4-4621-88C3-D951D2C29B00}
	EndGlobalSection
EndGlobal
