
Microsoft Visual Studio Solution File, Format Version 12.00
# Visual Studio 15
VisualStudioVersion = 15.0.27130.2027
MinimumVisualStudioVersion = 10.0.40219.1
Project("{FAE04EC0-301F-11D3-BF4B-00C04F79EFBC}") = "Minedraft", "Minedraft.csproj", "{2B8E833A-8D75-44C5-A88A-9B4B9FE1C036}"
EndProject
Project("{FAE04EC0-301F-11D3-BF4B-00C04F79EFBC}") = "Minedraft.Tests", "..\Minedraft.Tests\Minedraft.Tests.csproj", "{3E753A95-6031-4950-94BA-C346BD2048E8}"
EndProject
Project("{FAE04EC0-301F-11D3-BF4B-00C04F79EFBC}") = "qwadsasd", "..\qwadsasd\qwadsasd.csproj", "{39739D01-CAAE-40AC-91E0-D0D701077E17}"
EndProject
Global
	GlobalSection(SolutionConfigurationPlatforms) = preSolution
		Debug|Any CPU = Debug|Any CPU
		Release|Any CPU = Release|Any CPU
	EndGlobalSection
	GlobalSection(ProjectConfigurationPlatforms) = postSolution
		{2B8E833A-8D75-44C5-A88A-9B4B9FE1C036}.Debug|Any CPU.ActiveCfg = Debug|Any CPU
		{2B8E833A-8D75-44C5-A88A-9B4B9FE1C036}.Debug|Any CPU.Build.0 = Debug|Any CPU
		{2B8E833A-8D75-44C5-A88A-9B4B9FE1C036}.Release|Any CPU.ActiveCfg = Release|Any CPU
		{2B8E833A-8D75-44C5-A88A-9B4B9FE1C036}.Release|Any CPU.Build.0 = Release|Any CPU
		{3E753A95-6031-4950-94BA-C346BD2048E8}.Debug|Any CPU.ActiveCfg = Debug|Any CPU
		{3E753A95-6031-4950-94BA-C346BD2048E8}.Debug|Any CPU.Build.0 = Debug|Any CPU
		{3E753A95-6031-4950-94BA-C346BD2048E8}.Release|Any CPU.ActiveCfg = Release|Any CPU
		{3E753A95-6031-4950-94BA-C346BD2048E8}.Release|Any CPU.Build.0 = Release|Any CPU
		{39739D01-CAAE-40AC-91E0-D0D701077E17}.Debug|Any CPU.ActiveCfg = Debug|Any CPU
		{39739D01-CAAE-40AC-91E0-D0D701077E17}.Debug|Any CPU.Build.0 = Debug|Any CPU
		{39739D01-CAAE-40AC-91E0-D0D701077E17}.Release|Any CPU.ActiveCfg = Release|Any CPU
		{39739D01-CAAE-40AC-91E0-D0D701077E17}.Release|Any CPU.Build.0 = Release|Any CPU
	EndGlobalSection
	GlobalSection(SolutionProperties) = preSolution
		HideSolutionNode = FALSE
	EndGlobalSection
	GlobalSection(ExtensibilityGlobals) = postSolution
		SolutionGuid = {D8534B70-C789-4966-9872-DE6A9DEB4AB9}
	EndGlobalSection
EndGlobal
