
Microsoft Visual Studio Solution File, Format Version 12.00
# Visual Studio 15
VisualStudioVersion = 15.0.27130.2027
MinimumVisualStudioVersion = 10.0.40219.1
Project("{FAE04EC0-301F-11D3-BF4B-00C04F79EFBC}") = "Hell", "Hell\Hell.csproj", "{3C9A169B-08A0-4734-9601-EEDD84F7AA37}"
EndProject
Project("{FAE04EC0-301F-11D3-BF4B-00C04F79EFBC}") = "Hell.Test", "Hell.Test\Hell.Test.csproj", "{D34061A2-7DD9-49C0-909D-8D9037098361}"
EndProject
Project("{FAE04EC0-301F-11D3-BF4B-00C04F79EFBC}") = "Judge.Tests", "Judge.Tests\Judge.Tests.csproj", "{0D7C845E-DECE-42F6-A74E-083EB21430EF}"
EndProject
Global
	GlobalSection(SolutionConfigurationPlatforms) = preSolution
		Debug|Any CPU = Debug|Any CPU
		Release|Any CPU = Release|Any CPU
	EndGlobalSection
	GlobalSection(ProjectConfigurationPlatforms) = postSolution
		{3C9A169B-08A0-4734-9601-EEDD84F7AA37}.Debug|Any CPU.ActiveCfg = Debug|Any CPU
		{3C9A169B-08A0-4734-9601-EEDD84F7AA37}.Debug|Any CPU.Build.0 = Debug|Any CPU
		{3C9A169B-08A0-4734-9601-EEDD84F7AA37}.Release|Any CPU.ActiveCfg = Release|Any CPU
		{3C9A169B-08A0-4734-9601-EEDD84F7AA37}.Release|Any CPU.Build.0 = Release|Any CPU
		{D34061A2-7DD9-49C0-909D-8D9037098361}.Debug|Any CPU.ActiveCfg = Debug|Any CPU
		{D34061A2-7DD9-49C0-909D-8D9037098361}.Debug|Any CPU.Build.0 = Debug|Any CPU
		{D34061A2-7DD9-49C0-909D-8D9037098361}.Release|Any CPU.ActiveCfg = Release|Any CPU
		{D34061A2-7DD9-49C0-909D-8D9037098361}.Release|Any CPU.Build.0 = Release|Any CPU
		{0D7C845E-DECE-42F6-A74E-083EB21430EF}.Debug|Any CPU.ActiveCfg = Debug|Any CPU
		{0D7C845E-DECE-42F6-A74E-083EB21430EF}.Debug|Any CPU.Build.0 = Debug|Any CPU
		{0D7C845E-DECE-42F6-A74E-083EB21430EF}.Release|Any CPU.ActiveCfg = Release|Any CPU
		{0D7C845E-DECE-42F6-A74E-083EB21430EF}.Release|Any CPU.Build.0 = Release|Any CPU
	EndGlobalSection
	GlobalSection(SolutionProperties) = preSolution
		HideSolutionNode = FALSE
	EndGlobalSection
	GlobalSection(ExtensibilityGlobals) = postSolution
		SolutionGuid = {87535F77-0F52-4958-BE62-DFAFDF316893}
	EndGlobalSection
EndGlobal
