
Microsoft Visual Studio Solution File, Format Version 12.00
# Visual Studio 15
VisualStudioVersion = 15.0.27130.2027
MinimumVisualStudioVersion = 10.0.40219.1
Project("{FAE04EC0-301F-11D3-BF4B-00C04F79EFBC}") = "Avatar", "Avatar\Avatar.csproj", "{FEF8BDF2-C0AF-4FFD-BEF1-57A80CCACDB3}"
EndProject
Global
	GlobalSection(SolutionConfigurationPlatforms) = preSolution
		Debug|Any CPU = Debug|Any CPU
		Release|Any CPU = Release|Any CPU
	EndGlobalSection
	GlobalSection(ProjectConfigurationPlatforms) = postSolution
		{FEF8BDF2-C0AF-4FFD-BEF1-57A80CCACDB3}.Debug|Any CPU.ActiveCfg = Debug|Any CPU
		{FEF8BDF2-C0AF-4FFD-BEF1-57A80CCACDB3}.Debug|Any CPU.Build.0 = Debug|Any CPU
		{FEF8BDF2-C0AF-4FFD-BEF1-57A80CCACDB3}.Release|Any CPU.ActiveCfg = Release|Any CPU
		{FEF8BDF2-C0AF-4FFD-BEF1-57A80CCACDB3}.Release|Any CPU.Build.0 = Release|Any CPU
	EndGlobalSection
	GlobalSection(SolutionProperties) = preSolution
		HideSolutionNode = FALSE
	EndGlobalSection
	GlobalSection(ExtensibilityGlobals) = postSolution
		SolutionGuid = {8008C50B-E618-4D5B-AEA1-257C0E99AB37}
	EndGlobalSection
EndGlobal
