
Microsoft Visual Studio Solution File, Format Version 12.00
# Visual Studio 15
VisualStudioVersion = 15.0.27130.2027
MinimumVisualStudioVersion = 10.0.40219.1
Project("{9A19103F-16F7-4668-BE54-9A1E7A4F7556}") = "01Person", "01Person\01Person.csproj", "{350AC8B8-BA89-4FC9-804B-B5E85C3F264F}"
EndProject
Project("{9A19103F-16F7-4668-BE54-9A1E7A4F7556}") = "02BookShop", "02BookShop\02BookShop.csproj", "{B01144B3-E847-40A6-A9BB-4652BC714BBD}"
EndProject
Project("{9A19103F-16F7-4668-BE54-9A1E7A4F7556}") = "03Mankind", "03Mankind\03Mankind.csproj", "{8FD6E0D3-5490-4C46-AFF5-889BAED06DFA}"
EndProject
Project("{9A19103F-16F7-4668-BE54-9A1E7A4F7556}") = "04OnlineRadioDatabase", "04OnlineRadioDatabase\04OnlineRadioDatabase.csproj", "{2D9AD366-96DA-4CB5-85F0-D54704901F0E}"
EndProject
Project("{FAE04EC0-301F-11D3-BF4B-00C04F79EFBC}") = "05MordorsCruelPlan", "05MordorsCruelPlan\05MordorsCruelPlan.csproj", "{53D37472-4FDE-450F-A968-C0091C6C3F39}"
EndProject
Global
	GlobalSection(SolutionConfigurationPlatforms) = preSolution
		Debug|Any CPU = Debug|Any CPU
		Release|Any CPU = Release|Any CPU
	EndGlobalSection
	GlobalSection(ProjectConfigurationPlatforms) = postSolution
		{350AC8B8-BA89-4FC9-804B-B5E85C3F264F}.Debug|Any CPU.ActiveCfg = Debug|Any CPU
		{350AC8B8-BA89-4FC9-804B-B5E85C3F264F}.Debug|Any CPU.Build.0 = Debug|Any CPU
		{350AC8B8-BA89-4FC9-804B-B5E85C3F264F}.Release|Any CPU.ActiveCfg = Release|Any CPU
		{350AC8B8-BA89-4FC9-804B-B5E85C3F264F}.Release|Any CPU.Build.0 = Release|Any CPU
		{B01144B3-E847-40A6-A9BB-4652BC714BBD}.Debug|Any CPU.ActiveCfg = Debug|Any CPU
		{B01144B3-E847-40A6-A9BB-4652BC714BBD}.Debug|Any CPU.Build.0 = Debug|Any CPU
		{B01144B3-E847-40A6-A9BB-4652BC714BBD}.Release|Any CPU.ActiveCfg = Release|Any CPU
		{B01144B3-E847-40A6-A9BB-4652BC714BBD}.Release|Any CPU.Build.0 = Release|Any CPU
		{8FD6E0D3-5490-4C46-AFF5-889BAED06DFA}.Debug|Any CPU.ActiveCfg = Debug|Any CPU
		{8FD6E0D3-5490-4C46-AFF5-889BAED06DFA}.Debug|Any CPU.Build.0 = Debug|Any CPU
		{8FD6E0D3-5490-4C46-AFF5-889BAED06DFA}.Release|Any CPU.ActiveCfg = Release|Any CPU
		{8FD6E0D3-5490-4C46-AFF5-889BAED06DFA}.Release|Any CPU.Build.0 = Release|Any CPU
		{2D9AD366-96DA-4CB5-85F0-D54704901F0E}.Debug|Any CPU.ActiveCfg = Debug|Any CPU
		{2D9AD366-96DA-4CB5-85F0-D54704901F0E}.Debug|Any CPU.Build.0 = Debug|Any CPU
		{2D9AD366-96DA-4CB5-85F0-D54704901F0E}.Release|Any CPU.ActiveCfg = Release|Any CPU
		{2D9AD366-96DA-4CB5-85F0-D54704901F0E}.Release|Any CPU.Build.0 = Release|Any CPU
		{53D37472-4FDE-450F-A968-C0091C6C3F39}.Debug|Any CPU.ActiveCfg = Debug|Any CPU
		{53D37472-4FDE-450F-A968-C0091C6C3F39}.Debug|Any CPU.Build.0 = Debug|Any CPU
		{53D37472-4FDE-450F-A968-C0091C6C3F39}.Release|Any CPU.ActiveCfg = Release|Any CPU
		{53D37472-4FDE-450F-A968-C0091C6C3F39}.Release|Any CPU.Build.0 = Release|Any CPU
	EndGlobalSection
	GlobalSection(SolutionProperties) = preSolution
		HideSolutionNode = FALSE
	EndGlobalSection
	GlobalSection(ExtensibilityGlobals) = postSolution
		SolutionGuid = {DDAB317C-170F-4E37-9F17-09A4804DB9FE}
	EndGlobalSection
EndGlobal
