
Microsoft Visual Studio Solution File, Format Version 12.00
# Visual Studio 15
VisualStudioVersion = 15.0.27130.2027
MinimumVisualStudioVersion = 10.0.40219.1
Project("{FAE04EC0-301F-11D3-BF4B-00C04F79EFBC}") = "GrandPrix", "GrandPrix\GrandPrix.csproj", "{5EF58CBF-233E-435A-82A5-C21345FD2B47}"
EndProject
Global
	GlobalSection(SolutionConfigurationPlatforms) = preSolution
		Debug|Any CPU = Debug|Any CPU
		Release|Any CPU = Release|Any CPU
	EndGlobalSection
	GlobalSection(ProjectConfigurationPlatforms) = postSolution
		{5EF58CBF-233E-435A-82A5-C21345FD2B47}.Debug|Any CPU.ActiveCfg = Debug|Any CPU
		{5EF58CBF-233E-435A-82A5-C21345FD2B47}.Debug|Any CPU.Build.0 = Debug|Any CPU
		{5EF58CBF-233E-435A-82A5-C21345FD2B47}.Release|Any CPU.ActiveCfg = Release|Any CPU
		{5EF58CBF-233E-435A-82A5-C21345FD2B47}.Release|Any CPU.Build.0 = Release|Any CPU
	EndGlobalSection
	GlobalSection(SolutionProperties) = preSolution
		HideSolutionNode = FALSE
	EndGlobalSection
	GlobalSection(ExtensibilityGlobals) = postSolution
		SolutionGuid = {8500A8C6-0C5C-4747-8C99-6C678A2E8BD6}
	EndGlobalSection
EndGlobal
