
Microsoft Visual Studio Solution File, Format Version 12.00
# Visual Studio 15
VisualStudioVersion = 15.0.27130.2027
MinimumVisualStudioVersion = 10.0.40219.1
Project("{9A19103F-16F7-4668-BE54-9A1E7A4F7556}") = "P01P02ListyIterator", "P01ListyIterator\P01P02ListyIterator.csproj", "{109E6103-5146-4028-8F40-F76F6774C6F3}"
EndProject
Project("{9A19103F-16F7-4668-BE54-9A1E7A4F7556}") = "P03Stack", "P03Stack\P03Stack.csproj", "{7668E670-F269-407F-A2EC-A804F2842BFA}"
EndProject
Project("{9A19103F-16F7-4668-BE54-9A1E7A4F7556}") = "P04Froggy", "P04Froggy\P04Froggy.csproj", "{7761EAF4-052F-4A2A-8D13-DD4464EBAAE9}"
EndProject
Project("{FAE04EC0-301F-11D3-BF4B-00C04F79EFBC}") = "P05ComparingObjects", "05ComparingObjects\P05ComparingObjects.csproj", "{32C83C99-00C4-4E82-98B4-273C14C2625A}"
EndProject
Global
	GlobalSection(SolutionConfigurationPlatforms) = preSolution
		Debug|Any CPU = Debug|Any CPU
		Release|Any CPU = Release|Any CPU
	EndGlobalSection
	GlobalSection(ProjectConfigurationPlatforms) = postSolution
		{109E6103-5146-4028-8F40-F76F6774C6F3}.Debug|Any CPU.ActiveCfg = Debug|Any CPU
		{109E6103-5146-4028-8F40-F76F6774C6F3}.Debug|Any CPU.Build.0 = Debug|Any CPU
		{109E6103-5146-4028-8F40-F76F6774C6F3}.Release|Any CPU.ActiveCfg = Release|Any CPU
		{109E6103-5146-4028-8F40-F76F6774C6F3}.Release|Any CPU.Build.0 = Release|Any CPU
		{7668E670-F269-407F-A2EC-A804F2842BFA}.Debug|Any CPU.ActiveCfg = Debug|Any CPU
		{7668E670-F269-407F-A2EC-A804F2842BFA}.Debug|Any CPU.Build.0 = Debug|Any CPU
		{7668E670-F269-407F-A2EC-A804F2842BFA}.Release|Any CPU.ActiveCfg = Release|Any CPU
		{7668E670-F269-407F-A2EC-A804F2842BFA}.Release|Any CPU.Build.0 = Release|Any CPU
		{7761EAF4-052F-4A2A-8D13-DD4464EBAAE9}.Debug|Any CPU.ActiveCfg = Debug|Any CPU
		{7761EAF4-052F-4A2A-8D13-DD4464EBAAE9}.Debug|Any CPU.Build.0 = Debug|Any CPU
		{7761EAF4-052F-4A2A-8D13-DD4464EBAAE9}.Release|Any CPU.ActiveCfg = Release|Any CPU
		{7761EAF4-052F-4A2A-8D13-DD4464EBAAE9}.Release|Any CPU.Build.0 = Release|Any CPU
		{32C83C99-00C4-4E82-98B4-273C14C2625A}.Debug|Any CPU.ActiveCfg = Debug|Any CPU
		{32C83C99-00C4-4E82-98B4-273C14C2625A}.Debug|Any CPU.Build.0 = Debug|Any CPU
		{32C83C99-00C4-4E82-98B4-273C14C2625A}.Release|Any CPU.ActiveCfg = Release|Any CPU
		{32C83C99-00C4-4E82-98B4-273C14C2625A}.Release|Any CPU.Build.0 = Release|Any CPU
	EndGlobalSection
	GlobalSection(SolutionProperties) = preSolution
		HideSolutionNode = FALSE
	EndGlobalSection
	GlobalSection(ExtensibilityGlobals) = postSolution
		SolutionGuid = {9C096249-72EB-48BA-9335-BC2F9B5DD6A1}
	EndGlobalSection
EndGlobal
