
Microsoft Visual Studio Solution File, Format Version 12.00
# Visual Studio 15
VisualStudioVersion = 15.0.27130.0
MinimumVisualStudioVersion = 10.0.40219.1
Project("{FAE04EC0-301F-11D3-BF4B-00C04F79EFBC}") = "01. Sum Matrix Elements", "01. Sum Matrix Elements\01. Sum Matrix Elements.csproj", "{4BC63B87-6561-4730-8744-15044A17ED04}"
EndProject
Project("{FAE04EC0-301F-11D3-BF4B-00C04F79EFBC}") = "02. Square With Maximum Sum", "02. Square With Maximum Sum\02. Square With Maximum Sum.csproj", "{F5FCB23A-7DCA-4962-B0D5-D3A0F74BB05D}"
EndProject
Project("{FAE04EC0-301F-11D3-BF4B-00C04F79EFBC}") = "03. Group Numbers", "03. Group Numbers\03. Group Numbers.csproj", "{7838FDC8-8BE1-4FCF-88C3-6149323F3584}"
EndProject
Global
	GlobalSection(SolutionConfigurationPlatforms) = preSolution
		Debug|Any CPU = Debug|Any CPU
		Release|Any CPU = Release|Any CPU
	EndGlobalSection
	GlobalSection(ProjectConfigurationPlatforms) = postSolution
		{4BC63B87-6561-4730-8744-15044A17ED04}.Debug|Any CPU.ActiveCfg = Debug|Any CPU
		{4BC63B87-6561-4730-8744-15044A17ED04}.Debug|Any CPU.Build.0 = Debug|Any CPU
		{4BC63B87-6561-4730-8744-15044A17ED04}.Release|Any CPU.ActiveCfg = Release|Any CPU
		{4BC63B87-6561-4730-8744-15044A17ED04}.Release|Any CPU.Build.0 = Release|Any CPU
		{F5FCB23A-7DCA-4962-B0D5-D3A0F74BB05D}.Debug|Any CPU.ActiveCfg = Debug|Any CPU
		{F5FCB23A-7DCA-4962-B0D5-D3A0F74BB05D}.Debug|Any CPU.Build.0 = Debug|Any CPU
		{F5FCB23A-7DCA-4962-B0D5-D3A0F74BB05D}.Release|Any CPU.ActiveCfg = Release|Any CPU
		{F5FCB23A-7DCA-4962-B0D5-D3A0F74BB05D}.Release|Any CPU.Build.0 = Release|Any CPU
		{7838FDC8-8BE1-4FCF-88C3-6149323F3584}.Debug|Any CPU.ActiveCfg = Debug|Any CPU
		{7838FDC8-8BE1-4FCF-88C3-6149323F3584}.Debug|Any CPU.Build.0 = Debug|Any CPU
		{7838FDC8-8BE1-4FCF-88C3-6149323F3584}.Release|Any CPU.ActiveCfg = Release|Any CPU
		{7838FDC8-8BE1-4FCF-88C3-6149323F3584}.Release|Any CPU.Build.0 = Release|Any CPU
	EndGlobalSection
	GlobalSection(SolutionProperties) = preSolution
		HideSolutionNode = FALSE
	EndGlobalSection
	GlobalSection(ExtensibilityGlobals) = postSolution
		SolutionGuid = {CDF31F9D-980F-403F-8D28-0959810DD356}
	EndGlobalSection
EndGlobal
