
Microsoft Visual Studio Solution File, Format Version 12.00
# Visual Studio 15
VisualStudioVersion = 15.0.27130.0
MinimumVisualStudioVersion = 10.0.40219.1
Project("{9A19103F-16F7-4668-BE54-9A1E7A4F7556}") = "01. Matrix of Palindromes", "01. Matrix of Palindromes\01. Matrix of Palindromes.csproj", "{EDD3FEC0-4517-404C-A668-A3E275AF59F3}"
EndProject
Project("{9A19103F-16F7-4668-BE54-9A1E7A4F7556}") = "02. Diagonal Difference", "02. Diagonal Difference\02. Diagonal Difference.csproj", "{FE3DBD31-C644-468A-B0F7-638EE5901500}"
EndProject
Project("{9A19103F-16F7-4668-BE54-9A1E7A4F7556}") = "03. Squares in Matrix", "03. Squares in Matrix\03. Squares in Matrix.csproj", "{8AA85C36-6EB8-44D0-87E8-E570D8706EA9}"
EndProject
Project("{9A19103F-16F7-4668-BE54-9A1E7A4F7556}") = "04. Maximal Sum", "04. Maximal Sum\04. Maximal Sum.csproj", "{FC600EF0-7C4D-49D2-AE98-E6B03F3B6ED2}"
EndProject
Project("{9A19103F-16F7-4668-BE54-9A1E7A4F7556}") = "05. Rubiks Matrix", "05. Rubiks Matrix\05. Rubiks Matrix.csproj", "{E45EBC8C-73FE-4355-9FF2-2AA15800ACE3}"
EndProject
Project("{9A19103F-16F7-4668-BE54-9A1E7A4F7556}") = "08. Radioactive Bunnies", "08. Radioactive Bunnies\08. Radioactive Bunnies.csproj", "{D2F58844-676F-4E39-BBAC-1AA2961FFABA}"
EndProject
Project("{9A19103F-16F7-4668-BE54-9A1E7A4F7556}") = "06. Target Practice", "06. Target Practice\06. Target Practice.csproj", "{8D4B4FBD-6FAE-4367-936A-30D68C72770B}"
EndProject
Project("{9A19103F-16F7-4668-BE54-9A1E7A4F7556}") = "07. Lego Blocks", "07. Lego Blocks\07. Lego Blocks.csproj", "{DB16E7D5-27BB-4733-88CB-190B92189CFB}"
EndProject
Project("{9A19103F-16F7-4668-BE54-9A1E7A4F7556}") = "09. Crossfire", "09. Crossfire\09. Crossfire.csproj", "{BC92E193-026B-49AF-9EE9-35E5BE5CCACA}"
EndProject
Project("{9A19103F-16F7-4668-BE54-9A1E7A4F7556}") = "10. The Heigan Dance", "10. The Heigan Dance\10. The Heigan Dance.csproj", "{CC5AC428-5188-4F3D-891B-2DF46CCF810A}"
EndProject
Project("{9A19103F-16F7-4668-BE54-9A1E7A4F7556}") = "11. Parking System", "11. Parking System\11. Parking System.csproj", "{1DA5A75B-8B00-4D4A-95A4-7261D90077D4}"
EndProject
Project("{FAE04EC0-301F-11D3-BF4B-00C04F79EFBC}") = "12. String Matrix Rotation", "12. String Matrix Rotation\12. String Matrix Rotation.csproj", "{B616594F-F794-45C5-9BEA-9009F40D19F3}"
EndProject
Global
	GlobalSection(SolutionConfigurationPlatforms) = preSolution
		Debug|Any CPU = Debug|Any CPU
		Release|Any CPU = Release|Any CPU
	EndGlobalSection
	GlobalSection(ProjectConfigurationPlatforms) = postSolution
		{EDD3FEC0-4517-404C-A668-A3E275AF59F3}.Debug|Any CPU.ActiveCfg = Debug|Any CPU
		{EDD3FEC0-4517-404C-A668-A3E275AF59F3}.Debug|Any CPU.Build.0 = Debug|Any CPU
		{EDD3FEC0-4517-404C-A668-A3E275AF59F3}.Release|Any CPU.ActiveCfg = Release|Any CPU
		{EDD3FEC0-4517-404C-A668-A3E275AF59F3}.Release|Any CPU.Build.0 = Release|Any CPU
		{FE3DBD31-C644-468A-B0F7-638EE5901500}.Debug|Any CPU.ActiveCfg = Debug|Any CPU
		{FE3DBD31-C644-468A-B0F7-638EE5901500}.Debug|Any CPU.Build.0 = Debug|Any CPU
		{FE3DBD31-C644-468A-B0F7-638EE5901500}.Release|Any CPU.ActiveCfg = Release|Any CPU
		{FE3DBD31-C644-468A-B0F7-638EE5901500}.Release|Any CPU.Build.0 = Release|Any CPU
		{8AA85C36-6EB8-44D0-87E8-E570D8706EA9}.Debug|Any CPU.ActiveCfg = Debug|Any CPU
		{8AA85C36-6EB8-44D0-87E8-E570D8706EA9}.Debug|Any CPU.Build.0 = Debug|Any CPU
		{8AA85C36-6EB8-44D0-87E8-E570D8706EA9}.Release|Any CPU.ActiveCfg = Release|Any CPU
		{8AA85C36-6EB8-44D0-87E8-E570D8706EA9}.Release|Any CPU.Build.0 = Release|Any CPU
		{FC600EF0-7C4D-49D2-AE98-E6B03F3B6ED2}.Debug|Any CPU.ActiveCfg = Debug|Any CPU
		{FC600EF0-7C4D-49D2-AE98-E6B03F3B6ED2}.Debug|Any CPU.Build.0 = Debug|Any CPU
		{FC600EF0-7C4D-49D2-AE98-E6B03F3B6ED2}.Release|Any CPU.ActiveCfg = Release|Any CPU
		{FC600EF0-7C4D-49D2-AE98-E6B03F3B6ED2}.Release|Any CPU.Build.0 = Release|Any CPU
		{E45EBC8C-73FE-4355-9FF2-2AA15800ACE3}.Debug|Any CPU.ActiveCfg = Debug|Any CPU
		{E45EBC8C-73FE-4355-9FF2-2AA15800ACE3}.Debug|Any CPU.Build.0 = Debug|Any CPU
		{E45EBC8C-73FE-4355-9FF2-2AA15800ACE3}.Release|Any CPU.ActiveCfg = Release|Any CPU
		{E45EBC8C-73FE-4355-9FF2-2AA15800ACE3}.Release|Any CPU.Build.0 = Release|Any CPU
		{D2F58844-676F-4E39-BBAC-1AA2961FFABA}.Debug|Any CPU.ActiveCfg = Debug|Any CPU
		{D2F58844-676F-4E39-BBAC-1AA2961FFABA}.Debug|Any CPU.Build.0 = Debug|Any CPU
		{D2F58844-676F-4E39-BBAC-1AA2961FFABA}.Release|Any CPU.ActiveCfg = Release|Any CPU
		{D2F58844-676F-4E39-BBAC-1AA2961FFABA}.Release|Any CPU.Build.0 = Release|Any CPU
		{8D4B4FBD-6FAE-4367-936A-30D68C72770B}.Debug|Any CPU.ActiveCfg = Debug|Any CPU
		{8D4B4FBD-6FAE-4367-936A-30D68C72770B}.Debug|Any CPU.Build.0 = Debug|Any CPU
		{8D4B4FBD-6FAE-4367-936A-30D68C72770B}.Release|Any CPU.ActiveCfg = Release|Any CPU
		{8D4B4FBD-6FAE-4367-936A-30D68C72770B}.Release|Any CPU.Build.0 = Release|Any CPU
		{DB16E7D5-27BB-4733-88CB-190B92189CFB}.Debug|Any CPU.ActiveCfg = Debug|Any CPU
		{DB16E7D5-27BB-4733-88CB-190B92189CFB}.Debug|Any CPU.Build.0 = Debug|Any CPU
		{DB16E7D5-27BB-4733-88CB-190B92189CFB}.Release|Any CPU.ActiveCfg = Release|Any CPU
		{DB16E7D5-27BB-4733-88CB-190B92189CFB}.Release|Any CPU.Build.0 = Release|Any CPU
		{BC92E193-026B-49AF-9EE9-35E5BE5CCACA}.Debug|Any CPU.ActiveCfg = Debug|Any CPU
		{BC92E193-026B-49AF-9EE9-35E5BE5CCACA}.Debug|Any CPU.Build.0 = Debug|Any CPU
		{BC92E193-026B-49AF-9EE9-35E5BE5CCACA}.Release|Any CPU.ActiveCfg = Release|Any CPU
		{BC92E193-026B-49AF-9EE9-35E5BE5CCACA}.Release|Any CPU.Build.0 = Release|Any CPU
		{CC5AC428-5188-4F3D-891B-2DF46CCF810A}.Debug|Any CPU.ActiveCfg = Debug|Any CPU
		{CC5AC428-5188-4F3D-891B-2DF46CCF810A}.Debug|Any CPU.Build.0 = Debug|Any CPU
		{CC5AC428-5188-4F3D-891B-2DF46CCF810A}.Release|Any CPU.ActiveCfg = Release|Any CPU
		{CC5AC428-5188-4F3D-891B-2DF46CCF810A}.Release|Any CPU.Build.0 = Release|Any CPU
		{1DA5A75B-8B00-4D4A-95A4-7261D90077D4}.Debug|Any CPU.ActiveCfg = Debug|Any CPU
		{1DA5A75B-8B00-4D4A-95A4-7261D90077D4}.Debug|Any CPU.Build.0 = Debug|Any CPU
		{1DA5A75B-8B00-4D4A-95A4-7261D90077D4}.Release|Any CPU.ActiveCfg = Release|Any CPU
		{1DA5A75B-8B00-4D4A-95A4-7261D90077D4}.Release|Any CPU.Build.0 = Release|Any CPU
		{B616594F-F794-45C5-9BEA-9009F40D19F3}.Debug|Any CPU.ActiveCfg = Debug|Any CPU
		{B616594F-F794-45C5-9BEA-9009F40D19F3}.Debug|Any CPU.Build.0 = Debug|Any CPU
		{B616594F-F794-45C5-9BEA-9009F40D19F3}.Release|Any CPU.ActiveCfg = Release|Any CPU
		{B616594F-F794-45C5-9BEA-9009F40D19F3}.Release|Any CPU.Build.0 = Release|Any CPU
	EndGlobalSection
	GlobalSection(SolutionProperties) = preSolution
		HideSolutionNode = FALSE
	EndGlobalSection
	GlobalSection(ExtensibilityGlobals) = postSolution
		SolutionGuid = {35DEF38B-185A-4920-94EA-80255D7385E5}
	EndGlobalSection
EndGlobal
