
Microsoft Visual Studio Solution File, Format Version 12.00
# Visual Studio 15
VisualStudioVersion = 15.0.27130.2027
MinimumVisualStudioVersion = 10.0.40219.1
Project("{9A19103F-16F7-4668-BE54-9A1E7A4F7556}") = "_01HarvestingFields", "P01HarvestingFields\_01HarvestingFields.csproj", "{4A8DB402-D906-48ED-BA89-F565D50BEF9D}"
EndProject
Project("{9A19103F-16F7-4668-BE54-9A1E7A4F7556}") = "_02BlackBoxInteger", "P02BlackBoxInteger\_02BlackBoxInteger.csproj", "{813360B8-C0DA-4638-89E7-BBF80A0BB446}"
EndProject
Project("{9A19103F-16F7-4668-BE54-9A1E7A4F7556}") = "_03BarracksFactory", "P03BarrackWars-ANewFactory\_03BarracksFactory.csproj", "{830555F8-9A7F-4971-9BF8-5308740C97F6}"
EndProject
Project("{FAE04EC0-301F-11D3-BF4B-00C04F79EFBC}") = "P06TrafficLights", "P06TrafficLights\P06TrafficLights.csproj", "{4FF1692F-1F48-4D51-AF2D-443A82052DCD}"
EndProject
Project("{FAE04EC0-301F-11D3-BF4B-00C04F79EFBC}") = "P07InfernoInfinity", "P07InfernoInfinity\P07InfernoInfinity.csproj", "{A5AED21B-6B48-49BC-840A-4DE584ADA5A7}"
EndProject
Global
	GlobalSection(SolutionConfigurationPlatforms) = preSolution
		Debug|Any CPU = Debug|Any CPU
		Release|Any CPU = Release|Any CPU
	EndGlobalSection
	GlobalSection(ProjectConfigurationPlatforms) = postSolution
		{4A8DB402-D906-48ED-BA89-F565D50BEF9D}.Debug|Any CPU.ActiveCfg = Debug|Any CPU
		{4A8DB402-D906-48ED-BA89-F565D50BEF9D}.Debug|Any CPU.Build.0 = Debug|Any CPU
		{4A8DB402-D906-48ED-BA89-F565D50BEF9D}.Release|Any CPU.ActiveCfg = Release|Any CPU
		{4A8DB402-D906-48ED-BA89-F565D50BEF9D}.Release|Any CPU.Build.0 = Release|Any CPU
		{813360B8-C0DA-4638-89E7-BBF80A0BB446}.Debug|Any CPU.ActiveCfg = Debug|Any CPU
		{813360B8-C0DA-4638-89E7-BBF80A0BB446}.Debug|Any CPU.Build.0 = Debug|Any CPU
		{813360B8-C0DA-4638-89E7-BBF80A0BB446}.Release|Any CPU.ActiveCfg = Release|Any CPU
		{813360B8-C0DA-4638-89E7-BBF80A0BB446}.Release|Any CPU.Build.0 = Release|Any CPU
		{830555F8-9A7F-4971-9BF8-5308740C97F6}.Debug|Any CPU.ActiveCfg = Debug|Any CPU
		{830555F8-9A7F-4971-9BF8-5308740C97F6}.Debug|Any CPU.Build.0 = Debug|Any CPU
		{830555F8-9A7F-4971-9BF8-5308740C97F6}.Release|Any CPU.ActiveCfg = Release|Any CPU
		{830555F8-9A7F-4971-9BF8-5308740C97F6}.Release|Any CPU.Build.0 = Release|Any CPU
		{4FF1692F-1F48-4D51-AF2D-443A82052DCD}.Debug|Any CPU.ActiveCfg = Debug|Any CPU
		{4FF1692F-1F48-4D51-AF2D-443A82052DCD}.Debug|Any CPU.Build.0 = Debug|Any CPU
		{4FF1692F-1F48-4D51-AF2D-443A82052DCD}.Release|Any CPU.ActiveCfg = Release|Any CPU
		{4FF1692F-1F48-4D51-AF2D-443A82052DCD}.Release|Any CPU.Build.0 = Release|Any CPU
		{A5AED21B-6B48-49BC-840A-4DE584ADA5A7}.Debug|Any CPU.ActiveCfg = Debug|Any CPU
		{A5AED21B-6B48-49BC-840A-4DE584ADA5A7}.Debug|Any CPU.Build.0 = Debug|Any CPU
		{A5AED21B-6B48-49BC-840A-4DE584ADA5A7}.Release|Any CPU.ActiveCfg = Release|Any CPU
		{A5AED21B-6B48-49BC-840A-4DE584ADA5A7}.Release|Any CPU.Build.0 = Release|Any CPU
	EndGlobalSection
	GlobalSection(SolutionProperties) = preSolution
		HideSolutionNode = FALSE
	EndGlobalSection
	GlobalSection(ExtensibilityGlobals) = postSolution
		SolutionGuid = {381AA550-8B68-49E9-870B-1C715726259B}
	EndGlobalSection
EndGlobal
