
Microsoft Visual Studio Solution File, Format Version 12.00
# Visual Studio 15
VisualStudioVersion = 15.0.27130.0
MinimumVisualStudioVersion = 10.0.40219.1
Project("{FAE04EC0-301F-11D3-BF4B-00C04F79EFBC}") = "01. Reverse Numbers", "01. Reverse Numbers\01. Reverse Numbers.csproj", "{FEA09629-0DD9-4516-830D-CBAB39B780B8}"
EndProject
Project("{FAE04EC0-301F-11D3-BF4B-00C04F79EFBC}") = "02. Basic Stack Operations", "02. Basic Stack Operations\02. Basic Stack Operations.csproj", "{B99AE8A3-6310-4974-BA2B-DF34E0832AA3}"
EndProject
Project("{FAE04EC0-301F-11D3-BF4B-00C04F79EFBC}") = "03. Maximum Element", "03. Maximum Element\03. Maximum Element.csproj", "{DE6D3F0E-8715-4716-ABA5-9134070FAC1D}"
EndProject
Project("{FAE04EC0-301F-11D3-BF4B-00C04F79EFBC}") = "04. Basic Queue Operations", "04. Basic Queue Operations\04. Basic Queue Operations.csproj", "{2944D5C6-EA92-4B22-A01E-06D777C76EA7}"
EndProject
Project("{FAE04EC0-301F-11D3-BF4B-00C04F79EFBC}") = "05. Sequence With Queue", "05. Sequence With Queue\05. Sequence With Queue.csproj", "{C6D62C5D-53F8-449C-AE15-D42E4B287A6D}"
EndProject
Project("{FAE04EC0-301F-11D3-BF4B-00C04F79EFBC}") = "06. Truck Tour", "06. Truck Tour\06. Truck Tour.csproj", "{76D2D92C-DE1D-480F-826F-BCB78E275015}"
EndProject
Project("{FAE04EC0-301F-11D3-BF4B-00C04F79EFBC}") = "07. Balanced Parenthesis", "07. Balanced Parenthesis\07. Balanced Parenthesis.csproj", "{BB079A48-FD2F-43DC-816B-7FC0C53FC09B}"
EndProject
Project("{FAE04EC0-301F-11D3-BF4B-00C04F79EFBC}") = "08. Recursive Fibonacci", "08. Recursive Fibonacci\08. Recursive Fibonacci.csproj", "{EF67E134-55A5-4D5A-8D60-C97477EE7CE0}"
EndProject
Project("{FAE04EC0-301F-11D3-BF4B-00C04F79EFBC}") = "09. Stack Fibonacci", "09. Stack Fibonacci\09. Stack Fibonacci.csproj", "{042A2EF6-9A78-42DF-9F18-AA080E432DE1}"
EndProject
Project("{FAE04EC0-301F-11D3-BF4B-00C04F79EFBC}") = "10. Simple Text Editor", "10. Simple Text Editor\10. Simple Text Editor.csproj", "{AF321CB8-4206-4A21-A951-32A6C583FBF8}"
EndProject
Project("{FAE04EC0-301F-11D3-BF4B-00C04F79EFBC}") = "11. Poisonous Plants", "11. Poisonous Plants\11. Poisonous Plants.csproj", "{C4FD82A6-4254-41DF-BCB3-1C4DEBA95D0B}"
EndProject
Global
	GlobalSection(SolutionConfigurationPlatforms) = preSolution
		Debug|Any CPU = Debug|Any CPU
		Release|Any CPU = Release|Any CPU
	EndGlobalSection
	GlobalSection(ProjectConfigurationPlatforms) = postSolution
		{FEA09629-0DD9-4516-830D-CBAB39B780B8}.Debug|Any CPU.ActiveCfg = Debug|Any CPU
		{FEA09629-0DD9-4516-830D-CBAB39B780B8}.Debug|Any CPU.Build.0 = Debug|Any CPU
		{FEA09629-0DD9-4516-830D-CBAB39B780B8}.Release|Any CPU.ActiveCfg = Release|Any CPU
		{FEA09629-0DD9-4516-830D-CBAB39B780B8}.Release|Any CPU.Build.0 = Release|Any CPU
		{B99AE8A3-6310-4974-BA2B-DF34E0832AA3}.Debug|Any CPU.ActiveCfg = Debug|Any CPU
		{B99AE8A3-6310-4974-BA2B-DF34E0832AA3}.Debug|Any CPU.Build.0 = Debug|Any CPU
		{B99AE8A3-6310-4974-BA2B-DF34E0832AA3}.Release|Any CPU.ActiveCfg = Release|Any CPU
		{B99AE8A3-6310-4974-BA2B-DF34E0832AA3}.Release|Any CPU.Build.0 = Release|Any CPU
		{DE6D3F0E-8715-4716-ABA5-9134070FAC1D}.Debug|Any CPU.ActiveCfg = Debug|Any CPU
		{DE6D3F0E-8715-4716-ABA5-9134070FAC1D}.Debug|Any CPU.Build.0 = Debug|Any CPU
		{DE6D3F0E-8715-4716-ABA5-9134070FAC1D}.Release|Any CPU.ActiveCfg = Release|Any CPU
		{DE6D3F0E-8715-4716-ABA5-9134070FAC1D}.Release|Any CPU.Build.0 = Release|Any CPU
		{2944D5C6-EA92-4B22-A01E-06D777C76EA7}.Debug|Any CPU.ActiveCfg = Debug|Any CPU
		{2944D5C6-EA92-4B22-A01E-06D777C76EA7}.Debug|Any CPU.Build.0 = Debug|Any CPU
		{2944D5C6-EA92-4B22-A01E-06D777C76EA7}.Release|Any CPU.ActiveCfg = Release|Any CPU
		{2944D5C6-EA92-4B22-A01E-06D777C76EA7}.Release|Any CPU.Build.0 = Release|Any CPU
		{C6D62C5D-53F8-449C-AE15-D42E4B287A6D}.Debug|Any CPU.ActiveCfg = Debug|Any CPU
		{C6D62C5D-53F8-449C-AE15-D42E4B287A6D}.Debug|Any CPU.Build.0 = Debug|Any CPU
		{C6D62C5D-53F8-449C-AE15-D42E4B287A6D}.Release|Any CPU.ActiveCfg = Release|Any CPU
		{C6D62C5D-53F8-449C-AE15-D42E4B287A6D}.Release|Any CPU.Build.0 = Release|Any CPU
		{76D2D92C-DE1D-480F-826F-BCB78E275015}.Debug|Any CPU.ActiveCfg = Debug|Any CPU
		{76D2D92C-DE1D-480F-826F-BCB78E275015}.Debug|Any CPU.Build.0 = Debug|Any CPU
		{76D2D92C-DE1D-480F-826F-BCB78E275015}.Release|Any CPU.ActiveCfg = Release|Any CPU
		{76D2D92C-DE1D-480F-826F-BCB78E275015}.Release|Any CPU.Build.0 = Release|Any CPU
		{BB079A48-FD2F-43DC-816B-7FC0C53FC09B}.Debug|Any CPU.ActiveCfg = Debug|Any CPU
		{BB079A48-FD2F-43DC-816B-7FC0C53FC09B}.Debug|Any CPU.Build.0 = Debug|Any CPU
		{BB079A48-FD2F-43DC-816B-7FC0C53FC09B}.Release|Any CPU.ActiveCfg = Release|Any CPU
		{BB079A48-FD2F-43DC-816B-7FC0C53FC09B}.Release|Any CPU.Build.0 = Release|Any CPU
		{EF67E134-55A5-4D5A-8D60-C97477EE7CE0}.Debug|Any CPU.ActiveCfg = Debug|Any CPU
		{EF67E134-55A5-4D5A-8D60-C97477EE7CE0}.Debug|Any CPU.Build.0 = Debug|Any CPU
		{EF67E134-55A5-4D5A-8D60-C97477EE7CE0}.Release|Any CPU.ActiveCfg = Release|Any CPU
		{EF67E134-55A5-4D5A-8D60-C97477EE7CE0}.Release|Any CPU.Build.0 = Release|Any CPU
		{042A2EF6-9A78-42DF-9F18-AA080E432DE1}.Debug|Any CPU.ActiveCfg = Debug|Any CPU
		{042A2EF6-9A78-42DF-9F18-AA080E432DE1}.Debug|Any CPU.Build.0 = Debug|Any CPU
		{042A2EF6-9A78-42DF-9F18-AA080E432DE1}.Release|Any CPU.ActiveCfg = Release|Any CPU
		{042A2EF6-9A78-42DF-9F18-AA080E432DE1}.Release|Any CPU.Build.0 = Release|Any CPU
		{AF321CB8-4206-4A21-A951-32A6C583FBF8}.Debug|Any CPU.ActiveCfg = Debug|Any CPU
		{AF321CB8-4206-4A21-A951-32A6C583FBF8}.Debug|Any CPU.Build.0 = Debug|Any CPU
		{AF321CB8-4206-4A21-A951-32A6C583FBF8}.Release|Any CPU.ActiveCfg = Release|Any CPU
		{AF321CB8-4206-4A21-A951-32A6C583FBF8}.Release|Any CPU.Build.0 = Release|Any CPU
		{C4FD82A6-4254-41DF-BCB3-1C4DEBA95D0B}.Debug|Any CPU.ActiveCfg = Debug|Any CPU
		{C4FD82A6-4254-41DF-BCB3-1C4DEBA95D0B}.Debug|Any CPU.Build.0 = Debug|Any CPU
		{C4FD82A6-4254-41DF-BCB3-1C4DEBA95D0B}.Release|Any CPU.ActiveCfg = Release|Any CPU
		{C4FD82A6-4254-41DF-BCB3-1C4DEBA95D0B}.Release|Any CPU.Build.0 = Release|Any CPU
	EndGlobalSection
	GlobalSection(SolutionProperties) = preSolution
		HideSolutionNode = FALSE
	EndGlobalSection
	GlobalSection(ExtensibilityGlobals) = postSolution
		SolutionGuid = {BD609799-BCE8-48E5-89CA-B656FD711D58}
	EndGlobalSection
EndGlobal
