
Microsoft Visual Studio Solution File, Format Version 12.00
# Visual Studio 15
VisualStudioVersion = 15.0.27130.2027
MinimumVisualStudioVersion = 10.0.40219.1
Project("{9A19103F-16F7-4668-BE54-9A1E7A4F7556}") = "02.ParkingSystem", "02.ParkingSystem\02.ParkingSystem.csproj", "{6C77160C-7235-42F7-9BD9-FE53A9573316}"
EndProject
Project("{9A19103F-16F7-4668-BE54-9A1E7A4F7556}") = "03. Softuni Numerals", "03. Softuni Numerals\03. Softuni Numerals.csproj", "{00826341-A29A-4E7B-83F9-4D78CDC9E5F7}"
EndProject
Project("{FAE04EC0-301F-11D3-BF4B-00C04F79EFBC}") = "04. Events", "04. Events\04. Events.csproj", "{475DADDE-4A5B-44B8-BF1F-E3CBD9DE3B4F}"
EndProject
Global
	GlobalSection(SolutionConfigurationPlatforms) = preSolution
		Debug|Any CPU = Debug|Any CPU
		Release|Any CPU = Release|Any CPU
	EndGlobalSection
	GlobalSection(ProjectConfigurationPlatforms) = postSolution
		{6C77160C-7235-42F7-9BD9-FE53A9573316}.Debug|Any CPU.ActiveCfg = Debug|Any CPU
		{6C77160C-7235-42F7-9BD9-FE53A9573316}.Debug|Any CPU.Build.0 = Debug|Any CPU
		{6C77160C-7235-42F7-9BD9-FE53A9573316}.Release|Any CPU.ActiveCfg = Release|Any CPU
		{6C77160C-7235-42F7-9BD9-FE53A9573316}.Release|Any CPU.Build.0 = Release|Any CPU
		{00826341-A29A-4E7B-83F9-4D78CDC9E5F7}.Debug|Any CPU.ActiveCfg = Debug|Any CPU
		{00826341-A29A-4E7B-83F9-4D78CDC9E5F7}.Debug|Any CPU.Build.0 = Debug|Any CPU
		{00826341-A29A-4E7B-83F9-4D78CDC9E5F7}.Release|Any CPU.ActiveCfg = Release|Any CPU
		{00826341-A29A-4E7B-83F9-4D78CDC9E5F7}.Release|Any CPU.Build.0 = Release|Any CPU
		{475DADDE-4A5B-44B8-BF1F-E3CBD9DE3B4F}.Debug|Any CPU.ActiveCfg = Debug|Any CPU
		{475DADDE-4A5B-44B8-BF1F-E3CBD9DE3B4F}.Debug|Any CPU.Build.0 = Debug|Any CPU
		{475DADDE-4A5B-44B8-BF1F-E3CBD9DE3B4F}.Release|Any CPU.ActiveCfg = Release|Any CPU
		{475DADDE-4A5B-44B8-BF1F-E3CBD9DE3B4F}.Release|Any CPU.Build.0 = Release|Any CPU
	EndGlobalSection
	GlobalSection(SolutionProperties) = preSolution
		HideSolutionNode = FALSE
	EndGlobalSection
	GlobalSection(ExtensibilityGlobals) = postSolution
		SolutionGuid = {CEFA3F4C-95F8-465F-9964-C15D9505EEA2}
	EndGlobalSection
EndGlobal
