
Microsoft Visual Studio Solution File, Format Version 12.00
# Visual Studio 15
VisualStudioVersion = 15.0.27130.2027
MinimumVisualStudioVersion = 10.0.40219.1
Project("{9A19103F-16F7-4668-BE54-9A1E7A4F7556}") = "P01GenericBoxOfString", "P01GenericBoxOfString\P01GenericBoxOfString.csproj", "{446908BA-1AA4-4F35-B909-5A0BAD1FE099}"
EndProject
Project("{9A19103F-16F7-4668-BE54-9A1E7A4F7556}") = "P02GenericBoxOfInteger", "P02GenericBoxOfInteger\P02GenericBoxOfInteger.csproj", "{D507692D-4025-4A9A-879A-34D04DEFC96B}"
EndProject
Project("{9A19103F-16F7-4668-BE54-9A1E7A4F7556}") = "P03GenericSwapMethodString", "P03GenericSwapMethodString\P03GenericSwapMethodString.csproj", "{A4187CB1-2D86-4C96-8486-C094B926BE3C}"
EndProject
Project("{9A19103F-16F7-4668-BE54-9A1E7A4F7556}") = "P04GenericSwapMethodInteger", "P04GenericSwapMethodInteger\P04GenericSwapMethodInteger.csproj", "{0FBAD18A-08CD-4BDB-A1F1-E5C2354FADC5}"
EndProject
Project("{9A19103F-16F7-4668-BE54-9A1E7A4F7556}") = "P05GenericCountMethodString", "P05GenericCountMethodString\P05GenericCountMethodString.csproj", "{4B5D6334-58F8-4CB5-8738-973216A33725}"
EndProject
Project("{9A19103F-16F7-4668-BE54-9A1E7A4F7556}") = "P06GenericCountMethodDouble", "P06GenericCountMethodDouble\P06GenericCountMethodDouble.csproj", "{41DFE557-5318-4072-B2FF-E47E6EE08EE1}"
EndProject
Project("{9A19103F-16F7-4668-BE54-9A1E7A4F7556}") = "P07CustomList", "P07CustomList\P07CustomList.csproj", "{04B3A2BB-2CA6-40C1-B34C-F6719A7245D7}"
EndProject
Project("{9A19103F-16F7-4668-BE54-9A1E7A4F7556}") = "P08CustomListSorter", "P08CustomListSorter\P08CustomListSorter.csproj", "{5CF88D68-F9E8-4008-AAA8-127242786743}"
EndProject
Project("{9A19103F-16F7-4668-BE54-9A1E7A4F7556}") = "P09CustomListIterator", "P09CustomListIterator\P09CustomListIterator.csproj", "{B1E4D35D-4543-4F44-B442-DA8ECF32DCA3}"
EndProject
Project("{FAE04EC0-301F-11D3-BF4B-00C04F79EFBC}") = "P10Tuple", "P10Tuple\P10Tuple.csproj", "{F1FDB640-252C-4306-B394-EC6910C7EEC2}"
EndProject
Project("{FAE04EC0-301F-11D3-BF4B-00C04F79EFBC}") = "P11Threeuple", "P11Threeuple\P11Threeuple.csproj", "{194C7B3E-33BA-477C-A446-47BA04826826}"
EndProject
Global
	GlobalSection(SolutionConfigurationPlatforms) = preSolution
		Debug|Any CPU = Debug|Any CPU
		Release|Any CPU = Release|Any CPU
	EndGlobalSection
	GlobalSection(ProjectConfigurationPlatforms) = postSolution
		{446908BA-1AA4-4F35-B909-5A0BAD1FE099}.Debug|Any CPU.ActiveCfg = Debug|Any CPU
		{446908BA-1AA4-4F35-B909-5A0BAD1FE099}.Debug|Any CPU.Build.0 = Debug|Any CPU
		{446908BA-1AA4-4F35-B909-5A0BAD1FE099}.Release|Any CPU.ActiveCfg = Release|Any CPU
		{446908BA-1AA4-4F35-B909-5A0BAD1FE099}.Release|Any CPU.Build.0 = Release|Any CPU
		{D507692D-4025-4A9A-879A-34D04DEFC96B}.Debug|Any CPU.ActiveCfg = Debug|Any CPU
		{D507692D-4025-4A9A-879A-34D04DEFC96B}.Debug|Any CPU.Build.0 = Debug|Any CPU
		{D507692D-4025-4A9A-879A-34D04DEFC96B}.Release|Any CPU.ActiveCfg = Release|Any CPU
		{D507692D-4025-4A9A-879A-34D04DEFC96B}.Release|Any CPU.Build.0 = Release|Any CPU
		{A4187CB1-2D86-4C96-8486-C094B926BE3C}.Debug|Any CPU.ActiveCfg = Debug|Any CPU
		{A4187CB1-2D86-4C96-8486-C094B926BE3C}.Debug|Any CPU.Build.0 = Debug|Any CPU
		{A4187CB1-2D86-4C96-8486-C094B926BE3C}.Release|Any CPU.ActiveCfg = Release|Any CPU
		{A4187CB1-2D86-4C96-8486-C094B926BE3C}.Release|Any CPU.Build.0 = Release|Any CPU
		{0FBAD18A-08CD-4BDB-A1F1-E5C2354FADC5}.Debug|Any CPU.ActiveCfg = Debug|Any CPU
		{0FBAD18A-08CD-4BDB-A1F1-E5C2354FADC5}.Debug|Any CPU.Build.0 = Debug|Any CPU
		{0FBAD18A-08CD-4BDB-A1F1-E5C2354FADC5}.Release|Any CPU.ActiveCfg = Release|Any CPU
		{0FBAD18A-08CD-4BDB-A1F1-E5C2354FADC5}.Release|Any CPU.Build.0 = Release|Any CPU
		{4B5D6334-58F8-4CB5-8738-973216A33725}.Debug|Any CPU.ActiveCfg = Debug|Any CPU
		{4B5D6334-58F8-4CB5-8738-973216A33725}.Debug|Any CPU.Build.0 = Debug|Any CPU
		{4B5D6334-58F8-4CB5-8738-973216A33725}.Release|Any CPU.ActiveCfg = Release|Any CPU
		{4B5D6334-58F8-4CB5-8738-973216A33725}.Release|Any CPU.Build.0 = Release|Any CPU
		{41DFE557-5318-4072-B2FF-E47E6EE08EE1}.Debug|Any CPU.ActiveCfg = Debug|Any CPU
		{41DFE557-5318-4072-B2FF-E47E6EE08EE1}.Debug|Any CPU.Build.0 = Debug|Any CPU
		{41DFE557-5318-4072-B2FF-E47E6EE08EE1}.Release|Any CPU.ActiveCfg = Release|Any CPU
		{41DFE557-5318-4072-B2FF-E47E6EE08EE1}.Release|Any CPU.Build.0 = Release|Any CPU
		{04B3A2BB-2CA6-40C1-B34C-F6719A7245D7}.Debug|Any CPU.ActiveCfg = Debug|Any CPU
		{04B3A2BB-2CA6-40C1-B34C-F6719A7245D7}.Debug|Any CPU.Build.0 = Debug|Any CPU
		{04B3A2BB-2CA6-40C1-B34C-F6719A7245D7}.Release|Any CPU.ActiveCfg = Release|Any CPU
		{04B3A2BB-2CA6-40C1-B34C-F6719A7245D7}.Release|Any CPU.Build.0 = Release|Any CPU
		{5CF88D68-F9E8-4008-AAA8-127242786743}.Debug|Any CPU.ActiveCfg = Debug|Any CPU
		{5CF88D68-F9E8-4008-AAA8-127242786743}.Debug|Any CPU.Build.0 = Debug|Any CPU
		{5CF88D68-F9E8-4008-AAA8-127242786743}.Release|Any CPU.ActiveCfg = Release|Any CPU
		{5CF88D68-F9E8-4008-AAA8-127242786743}.Release|Any CPU.Build.0 = Release|Any CPU
		{B1E4D35D-4543-4F44-B442-DA8ECF32DCA3}.Debug|Any CPU.ActiveCfg = Debug|Any CPU
		{B1E4D35D-4543-4F44-B442-DA8ECF32DCA3}.Debug|Any CPU.Build.0 = Debug|Any CPU
		{B1E4D35D-4543-4F44-B442-DA8ECF32DCA3}.Release|Any CPU.ActiveCfg = Release|Any CPU
		{B1E4D35D-4543-4F44-B442-DA8ECF32DCA3}.Release|Any CPU.Build.0 = Release|Any CPU
		{F1FDB640-252C-4306-B394-EC6910C7EEC2}.Debug|Any CPU.ActiveCfg = Debug|Any CPU
		{F1FDB640-252C-4306-B394-EC6910C7EEC2}.Debug|Any CPU.Build.0 = Debug|Any CPU
		{F1FDB640-252C-4306-B394-EC6910C7EEC2}.Release|Any CPU.ActiveCfg = Release|Any CPU
		{F1FDB640-252C-4306-B394-EC6910C7EEC2}.Release|Any CPU.Build.0 = Release|Any CPU
		{194C7B3E-33BA-477C-A446-47BA04826826}.Debug|Any CPU.ActiveCfg = Debug|Any CPU
		{194C7B3E-33BA-477C-A446-47BA04826826}.Debug|Any CPU.Build.0 = Debug|Any CPU
		{194C7B3E-33BA-477C-A446-47BA04826826}.Release|Any CPU.ActiveCfg = Release|Any CPU
		{194C7B3E-33BA-477C-A446-47BA04826826}.Release|Any CPU.Build.0 = Release|Any CPU
	EndGlobalSection
	GlobalSection(SolutionProperties) = preSolution
		HideSolutionNode = FALSE
	EndGlobalSection
	GlobalSection(ExtensibilityGlobals) = postSolution
		SolutionGuid = {A60E59B8-C8ED-46A6-B9B7-B1B2DFD4973D}
	EndGlobalSection
EndGlobal
